// !$*UTF8*$!
{
	archiveVersion = 1;
	classes = {
	};
	objectVersion = 56;
	objects = {

/* Begin PBXBuildFile section */
		3979DCFA2F1F658800D8A92D /* UserViewModelTests.swift in Sources */ = {isa = PBXBuildFile; fileRef = 3979DCF92F1F658800D8A92D /* UserViewModelTests.swift */; };
		398343522F21495200A1AC3D /* UserDetailView.swift in Sources */ = {isa = PBXBuildFile; fileRef = 398343512F21495200A1AC3D /* UserDetailView.swift */; };
		39A025CE2F1BC20B001811DA /* ThirdSwiftUIProjectApp.swift in Sources */ = {isa = PBXBuildFile; fileRef = 39A025CD2F1BC20B001811DA /* ThirdSwiftUIProjectApp.swift */; };
		39A025D22F1BC20F001811DA /* Assets.xcassets in Resources */ = {isa = PBXBuildFile; fileRef = 39A025D12F1BC20F001811DA /* Assets.xcassets */; };
		39A025D52F1BC20F001811DA /* Preview Assets.xcassets in Resources */ = {isa = PBXBuildFile; fileRef = 39A025D42F1BC20F001811DA /* Preview Assets.xcassets */; };
		39A025F82F1BC278001811DA /* User.swift in Sources */ = {isa = PBXBuildFile; fileRef = 39A025F72F1BC278001811DA /* User.swift */; };
		39A025FA2F1BC2A8001811DA /* APIService.swift in Sources */ = {isa = PBXBuildFile; fileRef = 39A025F92F1BC2A8001811DA /* APIService.swift */; };
		39A025FC2F1BC314001811DA /* UserViewModel.swift in Sources */ = {isa = PBXBuildFile; fileRef = 39A025FB2F1BC314001811DA /* UserViewModel.swift */; };
		39A025FE2F1BC34E001811DA /* UserListView.swift in Sources */ = {isa = PBXBuildFile; fileRef = 39A025FD2F1BC34E001811DA /* UserListView.swift */; };
		39A026002F1BD091001811DA /* MockAPIService.swift in Sources */ = {isa = PBXBuildFile; fileRef = 39A025FF2F1BD091001811DA /* MockAPIService.swift */; };
		39BCCF6F2F20FE1700DC3726 /* HTTPClient.swift in Sources */ = {isa = PBXBuildFile; fileRef = 39BCCF6E2F20FE1700DC3726 /* HTTPClient.swift */; };
		39BCCF712F20FE9400DC3726 /* URLSessionHTTPClient.swift in Sources */ = {isa = PBXBuildFile; fileRef = 39BCCF702F20FE9400DC3726 /* URLSessionHTTPClient.swift */; };
		39BCCF732F20FFE200DC3726 /* MockHTTPClient.swift in Sources */ = {isa = PBXBuildFile; fileRef = 39BCCF722F20FFE200DC3726 /* MockHTTPClient.swift */; };
		39BCCF752F2101A500DC3726 /* APIServiceTests.swift in Sources */ = {isa = PBXBuildFile; fileRef = 39BCCF742F2101A500DC3726 /* APIServiceTests.swift */; };
/* End PBXBuildFile section */

/* Begin PBXContainerItemProxy section */
		39A025DB2F1BC210001811DA /* PBXContainerItemProxy */ = {
			isa = PBXContainerItemProxy;
			containerPortal = 39A025C22F1BC20B001811DA /* Project object */;
			proxyType = 1;
			remoteGlobalIDString = 39A025C92F1BC20B001811DA;
			remoteInfo = ThirdSwiftUIProject;
		};
/* End PBXContainerItemProxy section */

/* Begin PBXFileReference section */
		3979DCF92F1F658800D8A92D /* UserViewModelTests.swift */ = {isa = PBXFileReference; fileEncoding = 4; lastKnownFileType = sourcecode.swift; path = UserViewModelTests.swift; sourceTree = "<group>"; };
		398343512F21495200A1AC3D /* UserDetailView.swift */ = {isa = PBXFileReference; lastKnownFileType = sourcecode.swift; path = UserDetailView.swift; sourceTree = "<group>"; };
		39A025CA2F1BC20B001811DA /* ThirdSwiftUIProject.app */ = {isa = PBXFileReference; explicitFileType = wrapper.application; includeInIndex = 0; path = ThirdSwiftUIProject.app; sourceTree = BUILT_PRODUCTS_DIR; };
		39A025CD2F1BC20B001811DA /* ThirdSwiftUIProjectApp.swift */ = {isa = PBXFileReference; lastKnownFileType = sourcecode.swift; path = ThirdSwiftUIProjectApp.swift; sourceTree = "<group>"; };
		39A025D12F1BC20F001811DA /* Assets.xcassets */ = {isa = PBXFileReference; lastKnownFileType = folder.assetcatalog; path = Assets.xcassets; sourceTree = "<group>"; };
		39A025D42F1BC20F001811DA /* Preview Assets.xcassets */ = {isa = PBXFileReference; lastKnownFileType = folder.assetcatalog; path = "Preview Assets.xcassets"; sourceTree = "<group>"; };
		39A025DA2F1BC210001811DA /* ThirdSwiftUIProjectTests.xctest */ = {isa = PBXFileReference; explicitFileType = wrapper.cfbundle; includeInIndex = 0; path = ThirdSwiftUIProjectTests.xctest; sourceTree = BUILT_PRODUCTS_DIR; };
		39A025F72F1BC278001811DA /* User.swift */ = {isa = PBXFileReference; lastKnownFileType = sourcecode.swift; path = User.swift; sourceTree = "<group>"; };
		39A025F92F1BC2A8001811DA /* APIService.swift */ = {isa = PBXFileReference; lastKnownFileType = sourcecode.swift; path = APIService.swift; sourceTree = "<group>"; };
		39A025FB2F1BC314001811DA /* UserViewModel.swift */ = {isa = PBXFileReference; lastKnownFileType = sourcecode.swift; path = UserViewModel.swift; sourceTree = "<group>"; };
		39A025FD2F1BC34E001811DA /* UserListView.swift */ = {isa = PBXFileReference; lastKnownFileType = sourcecode.swift; path = UserListView.swift; sourceTree = "<group>"; };
		39A025FF2F1BD091001811DA /* MockAPIService.swift */ = {isa = PBXFileReference; lastKnownFileType = sourcecode.swift; path = MockAPIService.swift; sourceTree = "<group>"; };
		39BCCF6E2F20FE1700DC3726 /* HTTPClient.swift */ = {isa = PBXFileReference; lastKnownFileType = sourcecode.swift; path = HTTPClient.swift; sourceTree = "<group>"; };
		39BCCF702F20FE9400DC3726 /* URLSessionHTTPClient.swift */ = {isa = PBXFileReference; lastKnownFileType = sourcecode.swift; path = URLSessionHTTPClient.swift; sourceTree = "<group>"; };
		39BCCF722F20FFE200DC3726 /* MockHTTPClient.swift */ = {isa = PBXFileReference; lastKnownFileType = sourcecode.swift; path = MockHTTPClient.swift; sourceTree = "<group>"; };
		39BCCF742F2101A500DC3726 /* APIServiceTests.swift */ = {isa = PBXFileReference; lastKnownFileType = sourcecode.swift; path = APIServiceTests.swift; sourceTree = "<group>"; };
/* End PBXFileReference section */

/* Begin PBXFrameworksBuildPhase section */
		39A025C72F1BC20B001811DA /* Frameworks */ = {
			isa = PBXFrameworksBuildPhase;
			buildActionMask = 2147483647;
			files = (
			);
			runOnlyForDeploymentPostprocessing = 0;
		};
		39A025D72F1BC210001811DA /* Frameworks */ = {
			isa = PBXFrameworksBuildPhase;
			buildActionMask = 2147483647;
			files = (
			);
			runOnlyForDeploymentPostprocessing = 0;
		};
/* End PBXFrameworksBuildPhase section */

/* Begin PBXGroup section */
		39A025C12F1BC20B001811DA = {
			isa = PBXGroup;
			children = (
				39A025CC2F1BC20B001811DA /* ThirdSwiftUIProject */,
				39A025DD2F1BC210001811DA /* ThirdSwiftUIProjectTests */,
				39A025CB2F1BC20B001811DA /* Products */,
			);
			sourceTree = "<group>";
		};
		39A025CB2F1BC20B001811DA /* Products */ = {
			isa = PBXGroup;
			children = (
				39A025CA2F1BC20B001811DA /* ThirdSwiftUIProject.app */,
				39A025DA2F1BC210001811DA /* ThirdSwiftUIProjectTests.xctest */,
			);
			name = Products;
			sourceTree = "<group>";
		};
		39A025CC2F1BC20B001811DA /* ThirdSwiftUIProject */ = {
			isa = PBXGroup;
			children = (
				39A026032F1BD77F001811DA /* Models */,
				39A026042F1BD78B001811DA /* Services */,
				39A026052F1BD79B001811DA /* ViewModels */,
				39A026062F1BD7AA001811DA /* Views */,
				39A025CD2F1BC20B001811DA /* ThirdSwiftUIProjectApp.swift */,
				39A025D12F1BC20F001811DA /* Assets.xcassets */,
				39A025D32F1BC20F001811DA /* Preview Content */,
			);
			path = ThirdSwiftUIProject;
			sourceTree = "<group>";
		};
		39A025D32F1BC20F001811DA /* Preview Content */ = {
			isa = PBXGroup;
			children = (
				39A025D42F1BC20F001811DA /* Preview Assets.xcassets */,
			);
			path = "Preview Content";
			sourceTree = "<group>";
		};
		39A025DD2F1BC210001811DA /* ThirdSwiftUIProjectTests */ = {
			isa = PBXGroup;
			children = (
				39A025FF2F1BD091001811DA /* MockAPIService.swift */,
				3979DCF92F1F658800D8A92D /* UserViewModelTests.swift */,
				39BCCF722F20FFE200DC3726 /* MockHTTPClient.swift */,
				39BCCF742F2101A500DC3726 /* APIServiceTests.swift */,
			);
			path = ThirdSwiftUIProjectTests;
			sourceTree = "<group>";
		};
		39A026032F1BD77F001811DA /* Models */ = {
			isa = PBXGroup;
			children = (
				39A025F72F1BC278001811DA /* User.swift */,
			);
			path = Models;
			sourceTree = "<group>";
		};
		39A026042F1BD78B001811DA /* Services */ = {
			isa = PBXGroup;
			children = (
				39A025F92F1BC2A8001811DA /* APIService.swift */,
				39BCCF6E2F20FE1700DC3726 /* HTTPClient.swift */,
				39BCCF702F20FE9400DC3726 /* URLSessionHTTPClient.swift */,
			);
			path = Services;
			sourceTree = "<group>";
		};
		39A026052F1BD79B001811DA /* ViewModels */ = {
			isa = PBXGroup;
			children = (
				39A025FB2F1BC314001811DA /* UserViewModel.swift */,
			);
			path = ViewModels;
			sourceTree = "<group>";
		};
		39A026062F1BD7AA001811DA /* Views */ = {
			isa = PBXGroup;
			children = (
				39A025FD2F1BC34E001811DA /* UserListView.swift */,
				398343512F21495200A1AC3D /* UserDetailView.swift */,
			);
			path = Views;
			sourceTree = "<group>";
		};
/* End PBXGroup section */

/* Begin PBXNativeTarget section */
		39A025C92F1BC20B001811DA /* ThirdSwiftUIProject */ = {
			isa = PBXNativeTarget;
			buildConfigurationList = 39A025EE2F1BC210001811DA /* Build configuration list for PBXNativeTarget "ThirdSwiftUIProject" */;
			buildPhases = (
				39A025C62F1BC20B001811DA /* Sources */,
				39A025C72F1BC20B001811DA /* Frameworks */,
				39A025C82F1BC20B001811DA /* Resources */,
			);
			buildRules = (
			);
			dependencies = (
			);
			name = ThirdSwiftUIProject;
			productName = ThirdSwiftUIProject;
			productReference = 39A025CA2F1BC20B001811DA /* ThirdSwiftUIProject.app */;
			productType = "com.apple.product-type.application";
		};
		39A025D92F1BC210001811DA /* ThirdSwiftUIProjectTests */ = {
			isa = PBXNativeTarget;
			buildConfigurationList = 39A025F12F1BC210001811DA /* Build configuration list for PBXNativeTarget "ThirdSwiftUIProjectTests" */;
			buildPhases = (
				39A025D62F1BC210001811DA /* Sources */,
				39A025D72F1BC210001811DA /* Frameworks */,
				39A025D82F1BC210001811DA /* Resources */,
			);
			buildRules = (
			);
			dependencies = (
				39A025DC2F1BC210001811DA /* PBXTargetDependency */,
			);
			name = ThirdSwiftUIProjectTests;
			productName = ThirdSwiftUIProjectTests;
			productReference = 39A025DA2F1BC210001811DA /* ThirdSwiftUIProjectTests.xctest */;
			productType = "com.apple.product-type.bundle.unit-test";
		};
/* End PBXNativeTarget section */

/* Begin PBXProject section */
		39A025C22F1BC20B001811DA /* Project object */ = {
			isa = PBXProject;
			attributes = {
				BuildIndependentTargetsInParallel = 1;
				LastSwiftUpdateCheck = 1400;
				LastUpgradeCheck = 1400;
				TargetAttributes = {
					39A025C92F1BC20B001811DA = {
						CreatedOnToolsVersion = 14.0;
					};
					39A025D92F1BC210001811DA = {
						CreatedOnToolsVersion = 14.0;
						TestTargetID = 39A025C92F1BC20B001811DA;
					};
				};
			};
			buildConfigurationList = 39A025C52F1BC20B001811DA /* Build configuration list for PBXProject "ThirdSwiftUIProject" */;
			compatibilityVersion = "Xcode 14.0";
			developmentRegion = en;
			hasScannedForEncodings = 0;
			knownRegions = (
				en,
				Base,
			);
			mainGroup = 39A025C12F1BC20B001811DA;
			productRefGroup = 39A025CB2F1BC20B001811DA /* Products */;
			projectDirPath = "";
			projectRoot = "";
			targets = (
				39A025C92F1BC20B001811DA /* ThirdSwiftUIProject */,
				39A025D92F1BC210001811DA /* ThirdSwiftUIProjectTests */,
			);
		};
/* End PBXProject section */

/* Begin PBXResourcesBuildPhase section */
		39A025C82F1BC20B001811DA /* Resources */ = {
			isa = PBXResourcesBuildPhase;
			buildActionMask = 2147483647;
			files = (
				39A025D52F1BC20F001811DA /* Preview Assets.xcassets in Resources */,
				39A025D22F1BC20F001811DA /* Assets.xcassets in Resources */,
			);
			runOnlyForDeploymentPostprocessing = 0;
		};
		39A025D82F1BC210001811DA /* Resources */ = {
			isa = PBXResourcesBuildPhase;
			buildActionMask = 2147483647;
			files = (
			);
			runOnlyForDeploymentPostprocessing = 0;
		};
/* End PBXResourcesBuildPhase section */

/* Begin PBXSourcesBuildPhase section */
		39A025C62F1BC20B001811DA /* Sources */ = {
			isa = PBXSourcesBuildPhase;
			buildActionMask = 2147483647;
			files = (
				39BCCF712F20FE9400DC3726 /* URLSessionHTTPClient.swift in Sources */,
				39A025FE2F1BC34E001811DA /* UserListView.swift in Sources */,
				39A025F82F1BC278001811DA /* User.swift in Sources */,
				39BCCF6F2F20FE1700DC3726 /* HTTPClient.swift in Sources */,
				398343522F21495200A1AC3D /* UserDetailView.swift in Sources */,
				39A025CE2F1BC20B001811DA /* ThirdSwiftUIProjectApp.swift in Sources */,
				39A025FC2F1BC314001811DA /* UserViewModel.swift in Sources */,
				39A025FA2F1BC2A8001811DA /* APIService.swift in Sources */,
			);
			runOnlyForDeploymentPostprocessing = 0;
		};
		39A025D62F1BC210001811DA /* Sources */ = {
			isa = PBXSourcesBuildPhase;
			buildActionMask = 2147483647;
			files = (
				39A026002F1BD091001811DA /* MockAPIService.swift in Sources */,
				39BCCF732F20FFE200DC3726 /* MockHTTPClient.swift in Sources */,
				39BCCF752F2101A500DC3726 /* APIServiceTests.swift in Sources */,
				3979DCFA2F1F658800D8A92D /* UserViewModelTests.swift in Sources */,
			);
			runOnlyForDeploymentPostprocessing = 0;
		};
/* End PBXSourcesBuildPhase section */

/* Begin PBXTargetDependency section */
		39A025DC2F1BC210001811DA /* PBXTargetDependency */ = {
			isa = PBXTargetDependency;
			target = 39A025C92F1BC20B001811DA /* ThirdSwiftUIProject */;
			targetProxy = 39A025DB2F1BC210001811DA /* PBXContainerItemProxy */;
		};
/* End PBXTargetDependency section */

/* Begin XCBuildConfiguration section */
		39A025EC2F1BC210001811DA /* Debug */ = {
			isa = XCBuildConfiguration;
			buildSettings = {
				ALWAYS_SEARCH_USER_PATHS = NO;
				CLANG_ANALYZER_NONNULL = YES;
				CLANG_ANALYZER_NUMBER_OBJECT_CONVERSION = YES_AGGRESSIVE;
				CLANG_CXX_LANGUAGE_STANDARD = "gnu++20";
				CLANG_ENABLE_MODULES = YES;
				CLANG_ENABLE_OBJC_ARC = YES;
				CLANG_ENABLE_OBJC_WEAK = YES;
				CLANG_WARN_BLOCK_CAPTURE_AUTORELEASING = YES;
				CLANG_WARN_BOOL_CONVERSION = YES;
				CLANG_WARN_COMMA = YES;
				CLANG_WARN_CONSTANT_CONVERSION = YES;
				CLANG_WARN_DEPRECATED_OBJC_IMPLEMENTATIONS = YES;
				CLANG_WARN_DIRECT_OBJC_ISA_USAGE = YES_ERROR;
				CLANG_WARN_DOCUMENTATION_COMMENTS = YES;
				CLANG_WARN_EMPTY_BODY = YES;
				CLANG_WARN_ENUM_CONVERSION = YES;
				CLANG_WARN_INFINITE_RECURSION = YES;
				CLANG_WARN_INT_CONVERSION = YES;
				CLANG_WARN_NON_LITERAL_NULL_CONVERSION = YES;
				CLANG_WARN_OBJC_IMPLICIT_RETAIN_SELF = YES;
				CLANG_WARN_OBJC_LITERAL_CONVERSION = YES;
				CLANG_WARN_OBJC_ROOT_CLASS = YES_ERROR;
				CLANG_WARN_QUOTED_INCLUDE_IN_FRAMEWORK_HEADER = YES;
				CLANG_WARN_RANGE_LOOP_ANALYSIS = YES;
				CLANG_WARN_STRICT_PROTOTYPES = YES;
				CLANG_WARN_SUSPICIOUS_MOVE = YES;
				CLANG_WARN_UNGUARDED_AVAILABILITY = YES_AGGRESSIVE;
				CLANG_WARN_UNREACHABLE_CODE = YES;
				CLANG_WARN__DUPLICATE_METHOD_MATCH = YES;
				COPY_PHASE_STRIP = NO;
				DEBUG_INFORMATION_FORMAT = dwarf;
				ENABLE_STRICT_OBJC_MSGSEND = YES;
				ENABLE_TESTABILITY = YES;
				GCC_C_LANGUAGE_STANDARD = gnu11;
				GCC_DYNAMIC_NO_PIC = NO;
				GCC_NO_COMMON_BLOCKS = YES;
				GCC_OPTIMIZATION_LEVEL = 0;
				GCC_PREPROCESSOR_DEFINITIONS = (
					"DEBUG=1",
					"$(inherited)",
				);
				GCC_WARN_64_TO_32_BIT_CONVERSION = YES;
				GCC_WARN_ABOUT_RETURN_TYPE = YES_ERROR;
				GCC_WARN_UNDECLARED_SELECTOR = YES;
				GCC_WARN_UNINITIALIZED_AUTOS = YES_AGGRESSIVE;
				GCC_WARN_UNUSED_FUNCTION = YES;
				GCC_WARN_UNUSED_VARIABLE = YES;
				IPHONEOS_DEPLOYMENT_TARGET = 16.0;
				MTL_ENABLE_DEBUG_INFO = INCLUDE_SOURCE;
				MTL_FAST_MATH = YES;
				ONLY_ACTIVE_ARCH = YES;
				SDKROOT = iphoneos;
				SWIFT_ACTIVE_COMPILATION_CONDITIONS = DEBUG;
				SWIFT_OPTIMIZATION_LEVEL = "-Onone";
			};
			name = Debug;
		};
		39A025ED2F1BC210001811DA /* Release */ = {
			isa = XCBuildConfiguration;
			buildSettings = {
				ALWAYS_SEARCH_USER_PATHS = NO;
				CLANG_ANALYZER_NONNULL = YES;
				CLANG_ANALYZER_NUMBER_OBJECT_CONVERSION = YES_AGGRESSIVE;
				CLANG_CXX_LANGUAGE_STANDARD = "gnu++20";
				CLANG_ENABLE_MODULES = YES;
				CLANG_ENABLE_OBJC_ARC = YES;
				CLANG_ENABLE_OBJC_WEAK = YES;
				CLANG_WARN_BLOCK_CAPTURE_AUTORELEASING = YES;
				CLANG_WARN_BOOL_CONVERSION = YES;
				CLANG_WARN_COMMA = YES;
				CLANG_WARN_CONSTANT_CONVERSION = YES;
				CLANG_WARN_DEPRECATED_OBJC_IMPLEMENTATIONS = YES;
				CLANG_WARN_DIRECT_OBJC_ISA_USAGE = YES_ERROR;
				CLANG_WARN_DOCUMENTATION_COMMENTS = YES;
				CLANG_WARN_EMPTY_BODY = YES;
				CLANG_WARN_ENUM_CONVERSION = YES;
				CLANG_WARN_INFINITE_RECURSION = YES;
				CLANG_WARN_INT_CONVERSION = YES;
				CLANG_WARN_NON_LITERAL_NULL_CONVERSION = YES;
				CLANG_WARN_OBJC_IMPLICIT_RETAIN_SELF = YES;
				CLANG_WARN_OBJC_LITERAL_CONVERSION = YES;
				CLANG_WARN_OBJC_ROOT_CLASS = YES_ERROR;
				CLANG_WARN_QUOTED_INCLUDE_IN_FRAMEWORK_HEADER = YES;
				CLANG_WARN_RANGE_LOOP_ANALYSIS = YES;
				CLANG_WARN_STRICT_PROTOTYPES = YES;
				CLANG_WARN_SUSPICIOUS_MOVE = YES;
				CLANG_WARN_UNGUARDED_AVAILABILITY = YES_AGGRESSIVE;
				CLANG_WARN_UNREACHABLE_CODE = YES;
				CLANG_WARN__DUPLICATE_METHOD_MATCH = YES;
				COPY_PHASE_STRIP = NO;
				DEBUG_INFORMATION_FORMAT = "dwarf-with-dsym";
				ENABLE_NS_ASSERTIONS = NO;
				ENABLE_STRICT_OBJC_MSGSEND = YES;
				GCC_C_LANGUAGE_STANDARD = gnu11;
				GCC_NO_COMMON_BLOCKS = YES;
				GCC_WARN_64_TO_32_BIT_CONVERSION = YES;
				GCC_WARN_ABOUT_RETURN_TYPE = YES_ERROR;
				GCC_WARN_UNDECLARED_SELECTOR = YES;
				GCC_WARN_UNINITIALIZED_AUTOS = YES_AGGRESSIVE;
				GCC_WARN_UNUSED_FUNCTION = YES;
				GCC_WARN_UNUSED_VARIABLE = YES;
				IPHONEOS_DEPLOYMENT_TARGET = 16.0;
				MTL_ENABLE_DEBUG_INFO = NO;
				MTL_FAST_MATH = YES;
				SDKROOT = iphoneos;
				SWIFT_COMPILATION_MODE = wholemodule;
				SWIFT_OPTIMIZATION_LEVEL = "-O";
				VALIDATE_PRODUCT = YES;
			};
			name = Release;
		};
		39A025EF2F1BC210001811DA /* Debug */ = {
			isa = XCBuildConfiguration;
			buildSettings = {
				ASSETCATALOG_COMPILER_APPICON_NAME = AppIcon;
				ASSETCATALOG_COMPILER_GLOBAL_ACCENT_COLOR_NAME = AccentColor;
				CODE_SIGN_STYLE = Automatic;
				CURRENT_PROJECT_VERSION = 1;
				DEVELOPMENT_ASSET_PATHS = "\"ThirdSwiftUIProject/Preview Content\"";
				ENABLE_PREVIEWS = YES;
				GENERATE_INFOPLIST_FILE = YES;
				INFOPLIST_KEY_UIApplicationSceneManifest_Generation = YES;
				INFOPLIST_KEY_UIApplicationSupportsIndirectInputEvents = YES;
				INFOPLIST_KEY_UILaunchScreen_Generation = YES;
				INFOPLIST_KEY_UISupportedInterfaceOrientations_iPad = "UIInterfaceOrientationPortrait UIInterfaceOrientationPortraitUpsideDown UIInterfaceOrientationLandscapeLeft UIInterfaceOrientationLandscapeRight";
				INFOPLIST_KEY_UISupportedInterfaceOrientations_iPhone = "UIInterfaceOrientationPortrait UIInterfaceOrientationLandscapeLeft UIInterfaceOrientationLandscapeRight";
				LD_RUNPATH_SEARCH_PATHS = (
					"$(inherited)",
					"@executable_path/Frameworks",
				);
				MARKETING_VERSION = 1.0;
				PRODUCT_BUNDLE_IDENTIFIER = abhijeet.ThirdSwiftUIProject;
				PRODUCT_NAME = "$(TARGET_NAME)";
				SWIFT_EMIT_LOC_STRINGS = YES;
				SWIFT_VERSION = 5.0;
				TARGETED_DEVICE_FAMILY = "1,2";
			};
			name = Debug;
		};
		39A025F02F1BC210001811DA /* Release */ = {
			isa = XCBuildConfiguration;
			buildSettings = {
				ASSETCATALOG_COMPILER_APPICON_NAME = AppIcon;
				ASSETCATALOG_COMPILER_GLOBAL_ACCENT_COLOR_NAME = AccentColor;
				CODE_SIGN_STYLE = Automatic;
				CURRENT_PROJECT_VERSION = 1;
				DEVELOPMENT_ASSET_PATHS = "\"ThirdSwiftUIProject/Preview Content\"";
				ENABLE_PREVIEWS = YES;
				GENERATE_INFOPLIST_FILE = YES;
				INFOPLIST_KEY_UIApplicationSceneManifest_Generation = YES;
				INFOPLIST_KEY_UIApplicationSupportsIndirectInputEvents = YES;
				INFOPLIST_KEY_UILaunchScreen_Generation = YES;
				INFOPLIST_KEY_UISupportedInterfaceOrientations_iPad = "UIInterfaceOrientationPortrait UIInterfaceOrientationPortraitUpsideDown UIInterfaceOrientationLandscapeLeft UIInterfaceOrientationLandscapeRight";
				INFOPLIST_KEY_UISupportedInterfaceOrientations_iPhone = "UIInterfaceOrientationPortrait UIInterfaceOrientationLandscapeLeft UIInterfaceOrientationLandscapeRight";
				LD_RUNPATH_SEARCH_PATHS = (
					"$(inherited)",
					"@executable_path/Frameworks",
				);
				MARKETING_VERSION = 1.0;
				PRODUCT_BUNDLE_IDENTIFIER = abhijeet.ThirdSwiftUIProject;
				PRODUCT_NAME = "$(TARGET_NAME)";
				SWIFT_EMIT_LOC_STRINGS = YES;
				SWIFT_VERSION = 5.0;
				TARGETED_DEVICE_FAMILY = "1,2";
			};
			name = Release;
		};
		39A025F22F1BC210001811DA /* Debug */ = {
			isa = XCBuildConfiguration;
			buildSettings = {
				ALWAYS_EMBED_SWIFT_STANDARD_LIBRARIES = YES;
				BUNDLE_LOADER = "$(TEST_HOST)";
				CODE_SIGN_STYLE = Automatic;
				CURRENT_PROJECT_VERSION = 1;
				GENERATE_INFOPLIST_FILE = YES;
				IPHONEOS_DEPLOYMENT_TARGET = 16.0;
				MARKETING_VERSION = 1.0;
				PRODUCT_BUNDLE_IDENTIFIER = abhijeet.ThirdSwiftUIProjectTests;
				PRODUCT_NAME = "$(TARGET_NAME)";
				SWIFT_EMIT_LOC_STRINGS = NO;
				SWIFT_VERSION = 5.0;
				TARGETED_DEVICE_FAMILY = "1,2";
				TEST_HOST = "$(BUILT_PRODUCTS_DIR)/ThirdSwiftUIProject.app/$(BUNDLE_EXECUTABLE_FOLDER_PATH)/ThirdSwiftUIProject";
			};
			name = Debug;
		};
		39A025F32F1BC210001811DA /* Release */ = {
			isa = XCBuildConfiguration;
			buildSettings = {
				ALWAYS_EMBED_SWIFT_STANDARD_LIBRARIES = YES;
				BUNDLE_LOADER = "$(TEST_HOST)";
				CODE_SIGN_STYLE = Automatic;
				CURRENT_PROJECT_VERSION = 1;
				GENERATE_INFOPLIST_FILE = YES;
				IPHONEOS_DEPLOYMENT_TARGET = 16.0;
				MARKETING_VERSION = 1.0;
				PRODUCT_BUNDLE_IDENTIFIER = abhijeet.ThirdSwiftUIProjectTests;
				PRODUCT_NAME = "$(TARGET_NAME)";
				SWIFT_EMIT_LOC_STRINGS = NO;
				SWIFT_VERSION = 5.0;
				TARGETED_DEVICE_FAMILY = "1,2";
				TEST_HOST = "$(BUILT_PRODUCTS_DIR)/ThirdSwiftUIProject.app/$(BUNDLE_EXECUTABLE_FOLDER_PATH)/ThirdSwiftUIProject";
			};
			name = Release;
		};
/* End XCBuildConfiguration section */

/* Begin XCConfigurationList section */
		39A025C52F1BC20B001811DA /* Build configuration list for PBXProject "ThirdSwiftUIProject" */ = {
			isa = XCConfigurationList;
			buildConfigurations = (
				39A025EC2F1BC210001811DA /* Debug */,
				39A025ED2F1BC210001811DA /* Release */,
			);
			defaultConfigurationIsVisible = 0;
			defaultConfigurationName = Release;
		};
		39A025EE2F1BC210001811DA /* Build configuration list for PBXNativeTarget "ThirdSwiftUIProject" */ = {
			isa = XCConfigurationList;
			buildConfigurations = (
				39A025EF2F1BC210001811DA /* Debug */,
				39A025F02F1BC210001811DA /* Release */,
			);
			defaultConfigurationIsVisible = 0;
			defaultConfigurationName = Release;
		};
		39A025F12F1BC210001811DA /* Build configuration list for PBXNativeTarget "ThirdSwiftUIProjectTests" */ = {
			isa = XCConfigurationList;
			buildConfigurations = (
				39A025F22F1BC210001811DA /* Debug */,
				39A025F32F1BC210001811DA /* Release */,
			);
			defaultConfigurationIsVisible = 0;
			defaultConfigurationName = Release;
		};
/* End XCConfigurationList section */
	};
	rootObject = 39A025C22F1BC20B001811DA /* Project object */;
}
